
Microsoft Visual Studio Solution File, Format Version 11.00
# Visual Studio 2010
Project("{FAE04EC0-301F-11D3-BF4B-00C04F79EFBC}") = "PrismShellGui", "PrismShellGui\PrismShellGui.csproj", "{27673A03-80BF-4B4C-AB54-E033712A26F4}"
EndProject
Project("{FAE04EC0-301F-11D3-BF4B-00C04F79EFBC}") = "PrismModels", "PrismModels\PrismModels.csproj", "{9AB99630-E381-4124-B605-272A9953B907}"
EndProject
Project("{FAE04EC0-301F-11D3-BF4B-00C04F79EFBC}") = "ModuleA", "ModuleA\ModuleA.csproj", "{3CE52968-C953-4985-AB8A-682087584C24}"
	ProjectSection(ProjectDependencies) = postProject
		{27673A03-80BF-4B4C-AB54-E033712A26F4} = {27673A03-80BF-4B4C-AB54-E033712A26F4}
	EndProjectSection
EndProject
Project("{FAE04EC0-301F-11D3-BF4B-00C04F79EFBC}") = "ModuleB", "ModuleB\ModuleB.csproj", "{8EDA5554-9D8A-4F1B-BA69-75199593A0EC}"
	ProjectSection(ProjectDependencies) = postProject
		{27673A03-80BF-4B4C-AB54-E033712A26F4} = {27673A03-80BF-4B4C-AB54-E033712A26F4}
	EndProjectSection
EndProject
Global
	GlobalSection(SolutionConfigurationPlatforms) = preSolution
		Debug|Any CPU = Debug|Any CPU
		Debug|Mixed Platforms = Debug|Mixed Platforms
		Debug|x86 = Debug|x86
		Release|Any CPU = Release|Any CPU
		Release|Mixed Platforms = Release|Mixed Platforms
		Release|x86 = Release|x86
	EndGlobalSection
	GlobalSection(ProjectConfigurationPlatforms) = postSolution
		{27673A03-80BF-4B4C-AB54-E033712A26F4}.Debug|Any CPU.ActiveCfg = Debug|x86
		{27673A03-80BF-4B4C-AB54-E033712A26F4}.Debug|Mixed Platforms.ActiveCfg = Debug|x86
		{27673A03-80BF-4B4C-AB54-E033712A26F4}.Debug|Mixed Platforms.Build.0 = Debug|x86
		{27673A03-80BF-4B4C-AB54-E033712A26F4}.Debug|x86.ActiveCfg = Debug|x86
		{27673A03-80BF-4B4C-AB54-E033712A26F4}.Debug|x86.Build.0 = Debug|x86
		{27673A03-80BF-4B4C-AB54-E033712A26F4}.Release|Any CPU.ActiveCfg = Release|x86
		{27673A03-80BF-4B4C-AB54-E033712A26F4}.Release|Mixed Platforms.ActiveCfg = Release|x86
		{27673A03-80BF-4B4C-AB54-E033712A26F4}.Release|Mixed Platforms.Build.0 = Release|x86
		{27673A03-80BF-4B4C-AB54-E033712A26F4}.Release|x86.ActiveCfg = Release|x86
		{27673A03-80BF-4B4C-AB54-E033712A26F4}.Release|x86.Build.0 = Release|x86
		{9AB99630-E381-4124-B605-272A9953B907}.Debug|Any CPU.ActiveCfg = Debug|Any CPU
		{9AB99630-E381-4124-B605-272A9953B907}.Debug|Any CPU.Build.0 = Debug|Any CPU
		{9AB99630-E381-4124-B605-272A9953B907}.Debug|Mixed Platforms.ActiveCfg = Debug|Any CPU
		{9AB99630-E381-4124-B605-272A9953B907}.Debug|Mixed Platforms.Build.0 = Debug|Any CPU
		{9AB99630-E381-4124-B605-272A9953B907}.Debug|x86.ActiveCfg = Debug|Any CPU
		{9AB99630-E381-4124-B605-272A9953B907}.Release|Any CPU.ActiveCfg = Release|Any CPU
		{9AB99630-E381-4124-B605-272A9953B907}.Release|Any CPU.Build.0 = Release|Any CPU
		{9AB99630-E381-4124-B605-272A9953B907}.Release|Mixed Platforms.ActiveCfg = Release|Any CPU
		{9AB99630-E381-4124-B605-272A9953B907}.Release|Mixed Platforms.Build.0 = Release|Any CPU
		{9AB99630-E381-4124-B605-272A9953B907}.Release|x86.ActiveCfg = Release|Any CPU
		{3CE52968-C953-4985-AB8A-682087584C24}.Debug|Any CPU.ActiveCfg = Debug|Any CPU
		{3CE52968-C953-4985-AB8A-682087584C24}.Debug|Any CPU.Build.0 = Debug|Any CPU
		{3CE52968-C953-4985-AB8A-682087584C24}.Debug|Mixed Platforms.ActiveCfg = Debug|Any CPU
		{3CE52968-C953-4985-AB8A-682087584C24}.Debug|Mixed Platforms.Build.0 = Debug|Any CPU
		{3CE52968-C953-4985-AB8A-682087584C24}.Debug|x86.ActiveCfg = Debug|Any CPU
		{3CE52968-C953-4985-AB8A-682087584C24}.Release|Any CPU.ActiveCfg = Release|Any CPU
		{3CE52968-C953-4985-AB8A-682087584C24}.Release|Any CPU.Build.0 = Release|Any CPU
		{3CE52968-C953-4985-AB8A-682087584C24}.Release|Mixed Platforms.ActiveCfg = Release|Any CPU
		{3CE52968-C953-4985-AB8A-682087584C24}.Release|Mixed Platforms.Build.0 = Release|Any CPU
		{3CE52968-C953-4985-AB8A-682087584C24}.Release|x86.ActiveCfg = Release|Any CPU
		{8EDA5554-9D8A-4F1B-BA69-75199593A0EC}.Debug|Any CPU.ActiveCfg = Debug|Any CPU
		{8EDA5554-9D8A-4F1B-BA69-75199593A0EC}.Debug|Any CPU.Build.0 = Debug|Any CPU
		{8EDA5554-9D8A-4F1B-BA69-75199593A0EC}.Debug|Mixed Platforms.ActiveCfg = Debug|Any CPU
		{8EDA5554-9D8A-4F1B-BA69-75199593A0EC}.Debug|Mixed Platforms.Build.0 = Debug|Any CPU
		{8EDA5554-9D8A-4F1B-BA69-75199593A0EC}.Debug|x86.ActiveCfg = Debug|Any CPU
		{8EDA5554-9D8A-4F1B-BA69-75199593A0EC}.Release|Any CPU.ActiveCfg = Release|Any CPU
		{8EDA5554-9D8A-4F1B-BA69-75199593A0EC}.Release|Any CPU.Build.0 = Release|Any CPU
		{8EDA5554-9D8A-4F1B-BA69-75199593A0EC}.Release|Mixed Platforms.ActiveCfg = Release|Any CPU
		{8EDA5554-9D8A-4F1B-BA69-75199593A0EC}.Release|Mixed Platforms.Build.0 = Release|Any CPU
		{8EDA5554-9D8A-4F1B-BA69-75199593A0EC}.Release|x86.ActiveCfg = Release|Any CPU
	EndGlobalSection
	GlobalSection(SolutionProperties) = preSolution
		HideSolutionNode = FALSE
	EndGlobalSection
EndGlobal
